
Microsoft Visual Studio Solution File, Format Version 12.00
# Visual Studio Version 17
VisualStudioVersion = 17.14.36429.23 d17.14
MinimumVisualStudioVersion = 10.0.40219.1
Project("{FAE04EC0-301F-11D3-BF4B-00C04F79EFBC}") = "EstancieroWebAppi", "EstancieroWebAppi.csproj", "{7E611BDC-F4AA-4325-8AC6-84FE1D52801A}"
EndProject
Project("{FAE04EC0-301F-11D3-BF4B-00C04F79EFBC}") = "EstancieroData", "..\EstancieroData\EstancieroData.csproj", "{F1F2C7D5-839A-43A6-8708-5F81B9C4201A}"
EndProject
Project("{FAE04EC0-301F-11D3-BF4B-00C04F79EFBC}") = "EstancieroService", "..\EstancieroService\EstancieroService.csproj", "{F877C063-C935-49BB-B8C0-0EDC72AEC983}"
EndProject
Project("{FAE04EC0-301F-11D3-BF4B-00C04F79EFBC}") = "EstancieroEntity", "..\EstancieroEntity\EstancieroEntity.csproj", "{A7408B16-D7BF-426C-9E3D-F523A3FCA315}"
EndProject
Project("{FAE04EC0-301F-11D3-BF4B-00C04F79EFBC}") = "EstancieroRequests", "..\EstancieroRequests\EstancieroRequests.csproj", "{8BF77D43-EE1D-43C2-A133-962BCC41904D}"
EndProject
Project("{FAE04EC0-301F-11D3-BF4B-00C04F79EFBC}") = "EstancieroResponses", "..\EstancieroResponses\EstancieroResponses.csproj", "{5D276226-A13D-4E2C-86D6-15A1FD32DAC9}"
EndProject
Global
	GlobalSection(SolutionConfigurationPlatforms) = preSolution
		Debug|Any CPU = Debug|Any CPU
		Release|Any CPU = Release|Any CPU
	EndGlobalSection
	GlobalSection(ProjectConfigurationPlatforms) = postSolution
		{7E611BDC-F4AA-4325-8AC6-84FE1D52801A}.Debug|Any CPU.ActiveCfg = Debug|Any CPU
		{7E611BDC-F4AA-4325-8AC6-84FE1D52801A}.Debug|Any CPU.Build.0 = Debug|Any CPU
		{7E611BDC-F4AA-4325-8AC6-84FE1D52801A}.Release|Any CPU.ActiveCfg = Release|Any CPU
		{7E611BDC-F4AA-4325-8AC6-84FE1D52801A}.Release|Any CPU.Build.0 = Release|Any CPU
		{F1F2C7D5-839A-43A6-8708-5F81B9C4201A}.Debug|Any CPU.ActiveCfg = Debug|Any CPU
		{F1F2C7D5-839A-43A6-8708-5F81B9C4201A}.Debug|Any CPU.Build.0 = Debug|Any CPU
		{F1F2C7D5-839A-43A6-8708-5F81B9C4201A}.Release|Any CPU.ActiveCfg = Release|Any CPU
		{F1F2C7D5-839A-43A6-8708-5F81B9C4201A}.Release|Any CPU.Build.0 = Release|Any CPU
		{F877C063-C935-49BB-B8C0-0EDC72AEC983}.Debug|Any CPU.ActiveCfg = Debug|Any CPU
		{F877C063-C935-49BB-B8C0-0EDC72AEC983}.Debug|Any CPU.Build.0 = Debug|Any CPU
		{F877C063-C935-49BB-B8C0-0EDC72AEC983}.Release|Any CPU.ActiveCfg = Release|Any CPU
		{F877C063-C935-49BB-B8C0-0EDC72AEC983}.Release|Any CPU.Build.0 = Release|Any CPU
		{A7408B16-D7BF-426C-9E3D-F523A3FCA315}.Debug|Any CPU.ActiveCfg = Debug|Any CPU
		{A7408B16-D7BF-426C-9E3D-F523A3FCA315}.Debug|Any CPU.Build.0 = Debug|Any CPU
		{A7408B16-D7BF-426C-9E3D-F523A3FCA315}.Release|Any CPU.ActiveCfg = Release|Any CPU
		{A7408B16-D7BF-426C-9E3D-F523A3FCA315}.Release|Any CPU.Build.0 = Release|Any CPU
		{8BF77D43-EE1D-43C2-A133-962BCC41904D}.Debug|Any CPU.ActiveCfg = Debug|Any CPU
		{8BF77D43-EE1D-43C2-A133-962BCC41904D}.Debug|Any CPU.Build.0 = Debug|Any CPU
		{8BF77D43-EE1D-43C2-A133-962BCC41904D}.Release|Any CPU.ActiveCfg = Release|Any CPU
		{8BF77D43-EE1D-43C2-A133-962BCC41904D}.Release|Any CPU.Build.0 = Release|Any CPU
		{5D276226-A13D-4E2C-86D6-15A1FD32DAC9}.Debug|Any CPU.ActiveCfg = Debug|Any CPU
		{5D276226-A13D-4E2C-86D6-15A1FD32DAC9}.Debug|Any CPU.Build.0 = Debug|Any CPU
		{5D276226-A13D-4E2C-86D6-15A1FD32DAC9}.Release|Any CPU.ActiveCfg = Release|Any CPU
		{5D276226-A13D-4E2C-86D6-15A1FD32DAC9}.Release|Any CPU.Build.0 = Release|Any CPU
	EndGlobalSection
	GlobalSection(SolutionProperties) = preSolution
		HideSolutionNode = FALSE
	EndGlobalSection
	GlobalSection(ExtensibilityGlobals) = postSolution
		SolutionGuid = {C5F5967E-A7F5-4033-93B9-7199F15C0B21}
	EndGlobalSection
EndGlobal
